// !$*UTF8*$!
{
	archiveVersion = 1;
	classes = {
	};
	objectVersion = 46;
	objects = {

/* Begin PBXBuildFile section */
		823B41461BA2712C002BD6C7 /* main.m in Sources */ = {isa = PBXBuildFile; fileRef = 823B41451BA2712C002BD6C7 /* main.m */; };
		823B41491BA2712C002BD6C7 /* AppDelegate.m in Sources */ = {isa = PBXBuildFile; fileRef = 823B41481BA2712C002BD6C7 /* AppDelegate.m */; };
		823B414C1BA2712C002BD6C7 /* ViewController.m in Sources */ = {isa = PBXBuildFile; fileRef = 823B414B1BA2712C002BD6C7 /* ViewController.m */; };
		823B414F1BA2712C002BD6C7 /* Main.storyboard in Resources */ = {isa = PBXBuildFile; fileRef = 823B414D1BA2712C002BD6C7 /* Main.storyboard */; };
		823B41511BA2712C002BD6C7 /* Images.xcassets in Resources */ = {isa = PBXBuildFile; fileRef = 823B41501BA2712C002BD6C7 /* Images.xcassets */; };
		823B41541BA2712C002BD6C7 /* LaunchScreen.xib in Resources */ = {isa = PBXBuildFile; fileRef = 823B41521BA2712C002BD6C7 /* LaunchScreen.xib */; };
		823B41601BA2712C002BD6C7 /* cccccTests.m in Sources */ = {isa = PBXBuildFile; fileRef = 823B415F1BA2712C002BD6C7 /* cccccTests.m */; };
		823B416F1BA2796C002BD6C7 /* MXCollectionViewCell.m in Sources */ = {isa = PBXBuildFile; fileRef = 823B416D1BA2796C002BD6C7 /* MXCollectionViewCell.m */; };
		823B41701BA2796C002BD6C7 /* MXCollectionViewCell.xib in Resources */ = {isa = PBXBuildFile; fileRef = 823B416E1BA2796C002BD6C7 /* MXCollectionViewCell.xib */; };
		823B41731BA2FC6F002BD6C7 /* UIView+Extention.m in Sources */ = {isa = PBXBuildFile; fileRef = 823B41721BA2FC6F002BD6C7 /* UIView+Extention.m */; };
/* End PBXBuildFile section */

/* Begin PBXContainerItemProxy section */
		823B415A1BA2712C002BD6C7 /* PBXContainerItemProxy */ = {
			isa = PBXContainerItemProxy;
			containerPortal = 823B41381BA2712C002BD6C7 /* Project object */;
			proxyType = 1;
			remoteGlobalIDString = 823B413F1BA2712C002BD6C7;
			remoteInfo = ccccc;
		};
/* End PBXContainerItemProxy section */

/* Begin PBXFileReference section */
		823B41401BA2712C002BD6C7 /* ccccc.app */ = {isa = PBXFileReference; explicitFileType = wrapper.application; includeInIndex = 0; path = ccccc.app; sourceTree = BUILT_PRODUCTS_DIR; };
		823B41441BA2712C002BD6C7 /* Info.plist */ = {isa = PBXFileReference; lastKnownFileType = text.plist.xml; path = Info.plist; sourceTree = "<group>"; };
		823B41451BA2712C002BD6C7 /* main.m */ = {isa = PBXFileReference; lastKnownFileType = sourcecode.c.objc; path = main.m; sourceTree = "<group>"; };
		823B41471BA2712C002BD6C7 /* AppDelegate.h */ = {isa = PBXFileReference; lastKnownFileType = sourcecode.c.h; path = AppDelegate.h; sourceTree = "<group>"; };
		823B41481BA2712C002BD6C7 /* AppDelegate.m */ = {isa = PBXFileReference; lastKnownFileType = sourcecode.c.objc; path = AppDelegate.m; sourceTree = "<group>"; };
		823B414A1BA2712C002BD6C7 /* ViewController.h */ = {isa = PBXFileReference; lastKnownFileType = sourcecode.c.h; path = ViewController.h; sourceTree = "<group>"; };
		823B414B1BA2712C002BD6C7 /* ViewController.m */ = {isa = PBXFileReference; lastKnownFileType = sourcecode.c.objc; path = ViewController.m; sourceTree = "<group>"; };
		823B414E1BA2712C002BD6C7 /* Base */ = {isa = PBXFileReference; lastKnownFileType = file.storyboard; name = Base; path = Base.lproj/Main.storyboard; sourceTree = "<group>"; };
		823B41501BA2712C002BD6C7 /* Images.xcassets */ = {isa = PBXFileReference; lastKnownFileType = folder.assetcatalog; path = Images.xcassets; sourceTree = "<group>"; };
		823B41531BA2712C002BD6C7 /* Base */ = {isa = PBXFileReference; lastKnownFileType = file.xib; name = Base; path = Base.lproj/LaunchScreen.xib; sourceTree = "<group>"; };
		823B41591BA2712C002BD6C7 /* cccccTests.xctest */ = {isa = PBXFileReference; explicitFileType = wrapper.cfbundle; includeInIndex = 0; path = cccccTests.xctest; sourceTree = BUILT_PRODUCTS_DIR; };
		823B415E1BA2712C002BD6C7 /* Info.plist */ = {isa = PBXFileReference; lastKnownFileType = text.plist.xml; path = Info.plist; sourceTree = "<group>"; };
		823B415F1BA2712C002BD6C7 /* cccccTests.m */ = {isa = PBXFileReference; lastKnownFileType = sourcecode.c.objc; path = cccccTests.m; sourceTree = "<group>"; };
		823B416C1BA2796C002BD6C7 /* MXCollectionViewCell.h */ = {isa = PBXFileReference; fileEncoding = 4; lastKnownFileType = sourcecode.c.h; path = MXCollectionViewCell.h; sourceTree = "<group>"; };
		823B416D1BA2796C002BD6C7 /* MXCollectionViewCell.m */ = {isa = PBXFileReference; fileEncoding = 4; lastKnownFileType = sourcecode.c.objc; path = MXCollectionViewCell.m; sourceTree = "<group>"; };
		823B416E1BA2796C002BD6C7 /* MXCollectionViewCell.xib */ = {isa = PBXFileReference; fileEncoding = 4; lastKnownFileType = file.xib; path = MXCollectionViewCell.xib; sourceTree = "<group>"; };
		823B41711BA2FC6F002BD6C7 /* UIView+Extention.h */ = {isa = PBXFileReference; fileEncoding = 4; lastKnownFileType = sourcecode.c.h; path = "UIView+Extention.h"; sourceTree = "<group>"; };
		823B41721BA2FC6F002BD6C7 /* UIView+Extention.m */ = {isa = PBXFileReference; fileEncoding = 4; lastKnownFileType = sourcecode.c.objc; path = "UIView+Extention.m"; sourceTree = "<group>"; };
/* End PBXFileReference section */

/* Begin PBXFrameworksBuildPhase section */
		823B413D1BA2712C002BD6C7 /* Frameworks */ = {
			isa = PBXFrameworksBuildPhase;
			buildActionMask = 2147483647;
			files = (
			);
			runOnlyForDeploymentPostprocessing = 0;
		};
		823B41561BA2712C002BD6C7 /* Frameworks */ = {
			isa = PBXFrameworksBuildPhase;
			buildActionMask = 2147483647;
			files = (
			);
			runOnlyForDeploymentPostprocessing = 0;
		};
/* End PBXFrameworksBuildPhase section */

/* Begin PBXGroup section */
		823B41371BA2712C002BD6C7 = {
			isa = PBXGroup;
			children = (
				823B41421BA2712C002BD6C7 /* ccccc */,
				823B415C1BA2712C002BD6C7 /* cccccTests */,
				823B41411BA2712C002BD6C7 /* Products */,
			);
			sourceTree = "<group>";
		};
		823B41411BA2712C002BD6C7 /* Products */ = {
			isa = PBXGroup;
			children = (
				823B41401BA2712C002BD6C7 /* ccccc.app */,
				823B41591BA2712C002BD6C7 /* cccccTests.xctest */,
			);
			name = Products;
			sourceTree = "<group>";
		};
		823B41421BA2712C002BD6C7 /* ccccc */ = {
			isa = PBXGroup;
			children = (
				823B41711BA2FC6F002BD6C7 /* UIView+Extention.h */,
				823B41721BA2FC6F002BD6C7 /* UIView+Extention.m */,
				823B41471BA2712C002BD6C7 /* AppDelegate.h */,
				823B41481BA2712C002BD6C7 /* AppDelegate.m */,
				823B414A1BA2712C002BD6C7 /* ViewController.h */,
				823B414B1BA2712C002BD6C7 /* ViewController.m */,
				823B414D1BA2712C002BD6C7 /* Main.storyboard */,
				823B416C1BA2796C002BD6C7 /* MXCollectionViewCell.h */,
				823B416D1BA2796C002BD6C7 /* MXCollectionViewCell.m */,
				823B416E1BA2796C002BD6C7 /* MXCollectionViewCell.xib */,
				823B41501BA2712C002BD6C7 /* Images.xcassets */,
				823B41521BA2712C002BD6C7 /* LaunchScreen.xib */,
				823B41431BA2712C002BD6C7 /* Supporting Files */,
			);
			path = ccccc;
			sourceTree = "<group>";
		};
		823B41431BA2712C002BD6C7 /* Supporting Files */ = {
			isa = PBXGroup;
			children = (
				823B41441BA2712C002BD6C7 /* Info.plist */,
				823B41451BA2712C002BD6C7 /* main.m */,
			);
			name = "Supporting Files";
			sourceTree = "<group>";
		};
		823B415C1BA2712C002BD6C7 /* cccccTests */ = {
			isa = PBXGroup;
			children = (
				823B415F1BA2712C002BD6C7 /* cccccTests.m */,
				823B415D1BA2712C002BD6C7 /* Supporting Files */,
			);
			path = cccccTests;
			sourceTree = "<group>";
		};
		823B415D1BA2712C002BD6C7 /* Supporting Files */ = {
			isa = PBXGroup;
			children = (
				823B415E1BA2712C002BD6C7 /* Info.plist */,
			);
			name = "Supporting Files";
			sourceTree = "<group>";
		};
/* End PBXGroup section */

/* Begin PBXNativeTarget section */
		823B413F1BA2712C002BD6C7 /* ccccc */ = {
			isa = PBXNativeTarget;
			buildConfigurationList = 823B41631BA2712C002BD6C7 /* Build configuration list for PBXNativeTarget "ccccc" */;
			buildPhases = (
				823B413C1BA2712C002BD6C7 /* Sources */,
				823B413D1BA2712C002BD6C7 /* Frameworks */,
				823B413E1BA2712C002BD6C7 /* Resources */,
			);
			buildRules = (
			);
			dependencies = (
			);
			name = ccccc;
			productName = ccccc;
			productReference = 823B41401BA2712C002BD6C7 /* ccccc.app */;
			productType = "com.apple.product-type.application";
		};
		823B41581BA2712C002BD6C7 /* cccccTests */ = {
			isa = PBXNativeTarget;
			buildConfigurationList = 823B41661BA2712C002BD6C7 /* Build configuration list for PBXNativeTarget "cccccTests" */;
			buildPhases = (
				823B41551BA2712C002BD6C7 /* Sources */,
				823B41561BA2712C002BD6C7 /* Frameworks */,
				823B41571BA2712C002BD6C7 /* Resources */,
			);
			buildRules = (
			);
			dependencies = (
				823B415B1BA2712C002BD6C7 /* PBXTargetDependency */,
			);
			name = cccccTests;
			productName = cccccTests;
			productReference = 823B41591BA2712C002BD6C7 /* cccccTests.xctest */;
			productType = "com.apple.product-type.bundle.unit-test";
		};
/* End PBXNativeTarget section */

/* Begin PBXProject section */
		823B41381BA2712C002BD6C7 /* Project object */ = {
			isa = PBXProject;
			attributes = {
				LastUpgradeCheck = 0640;
				ORGANIZATIONNAME = yww;
				TargetAttributes = {
					823B413F1BA2712C002BD6C7 = {
						CreatedOnToolsVersion = 6.4;
					};
					823B41581BA2712C002BD6C7 = {
						CreatedOnToolsVersion = 6.4;
						TestTargetID = 823B413F1BA2712C002BD6C7;
					};
				};
			};
			buildConfigurationList = 823B413B1BA2712C002BD6C7 /* Build configuration list for PBXProject "ccccc" */;
			compatibilityVersion = "Xcode 3.2";
			developmentRegion = English;
			hasScannedForEncodings = 0;
			knownRegions = (
				en,
				Base,
			);
			mainGroup = 823B41371BA2712C002BD6C7;
			productRefGroup = 823B41411BA2712C002BD6C7 /* Products */;
			projectDirPath = "";
			projectRoot = "";
			targets = (
				823B413F1BA2712C002BD6C7 /* ccccc */,
				823B41581BA2712C002BD6C7 /* cccccTests */,
			);
		};
/* End PBXProject section */

/* Begin PBXResourcesBuildPhase section */
		823B413E1BA2712C002BD6C7 /* Resources */ = {
			isa = PBXResourcesBuildPhase;
			buildActionMask = 2147483647;
			files = (
				823B414F1BA2712C002BD6C7 /* Main.storyboard in Resources */,
				823B41701BA2796C002BD6C7 /* MXCollectionViewCell.xib in Resources */,
				823B41541BA2712C002BD6C7 /* LaunchScreen.xib in Resources */,
				823B41511BA2712C002BD6C7 /* Images.xcassets in Resources */,
			);
			runOnlyForDeploymentPostprocessing = 0;
		};
		823B41571BA2712C002BD6C7 /* Resources */ = {
			isa = PBXResourcesBuildPhase;
			buildActionMask = 2147483647;
			files = (
			);
			runOnlyForDeploymentPostprocessing = 0;
		};
/* End PBXResourcesBuildPhase section */

/* Begin PBXSourcesBuildPhase section */
		823B413C1BA2712C002BD6C7 /* Sources */ = {
			isa = PBXSourcesBuildPhase;
			buildActionMask = 2147483647;
			files = (
				823B41731BA2FC6F002BD6C7 /* UIView+Extention.m in Sources */,
				823B414C1BA2712C002BD6C7 /* ViewController.m in Sources */,
				823B416F1BA2796C002BD6C7 /* MXCollectionViewCell.m in Sources */,
				823B41491BA2712C002BD6C7 /* AppDelegate.m in Sources */,
				823B41461BA2712C002BD6C7 /* main.m in Sources */,
			);
			runOnlyForDeploymentPostprocessing = 0;
		};
		823B41551BA2712C002BD6C7 /* Sources */ = {
			isa = PBXSourcesBuildPhase;
			buildActionMask = 2147483647;
			files = (
				823B41601BA2712C002BD6C7 /* cccccTests.m in Sources */,
			);
			runOnlyForDeploymentPostprocessing = 0;
		};
/* End PBXSourcesBuildPhase section */

/* Begin PBXTargetDependency section */
		823B415B1BA2712C002BD6C7 /* PBXTargetDependency */ = {
			isa = PBXTargetDependency;
			target = 823B413F1BA2712C002BD6C7 /* ccccc */;
			targetProxy = 823B415A1BA2712C002BD6C7 /* PBXContainerItemProxy */;
		};
/* End PBXTargetDependency section */

/* Begin PBXVariantGroup section */
		823B414D1BA2712C002BD6C7 /* Main.storyboard */ = {
			isa = PBXVariantGroup;
			children = (
				823B414E1BA2712C002BD6C7 /* Base */,
			);
			name = Main.storyboard;
			sourceTree = "<group>";
		};
		823B41521BA2712C002BD6C7 /* LaunchScreen.xib */ = {
			isa = PBXVariantGroup;
			children = (
				823B41531BA2712C002BD6C7 /* Base */,
			);
			name = LaunchScreen.xib;
			sourceTree = "<group>";
		};
/* End PBXVariantGroup section */

/* Begin XCBuildConfiguration section */
		823B41611BA2712C002BD6C7 /* Debug */ = {
			isa = XCBuildConfiguration;
			buildSettings = {
				ALWAYS_SEARCH_USER_PATHS = NO;
				CLANG_CXX_LANGUAGE_STANDARD = "gnu++0x";
				CLANG_CXX_LIBRARY = "libc++";
				CLANG_ENABLE_MODULES = YES;
				CLANG_ENABLE_OBJC_ARC = YES;
				CLANG_WARN_BOOL_CONVERSION = YES;
				CLANG_WARN_CONSTANT_CONVERSION = YES;
				CLANG_WARN_DIRECT_OBJC_ISA_USAGE = YES_ERROR;
				CLANG_WARN_EMPTY_BODY = YES;
				CLANG_WARN_ENUM_CONVERSION = YES;
				CLANG_WARN_INT_CONVERSION = YES;
				CLANG_WARN_OBJC_ROOT_CLASS = YES_ERROR;
				CLANG_WARN_UNREACHABLE_CODE = YES;
				CLANG_WARN__DUPLICATE_METHOD_MATCH = YES;
				"CODE_SIGN_IDENTITY[sdk=iphoneos*]" = "iPhone Developer";
				COPY_PHASE_STRIP = NO;
				DEBUG_INFORMATION_FORMAT = "dwarf-with-dsym";
				ENABLE_STRICT_OBJC_MSGSEND = YES;
				GCC_C_LANGUAGE_STANDARD = gnu99;
				GCC_DYNAMIC_NO_PIC = NO;
				GCC_NO_COMMON_BLOCKS = YES;
				GCC_OPTIMIZATION_LEVEL = 0;
				GCC_PREPROCESSOR_DEFINITIONS = (
					"DEBUG=1",
					"$(inherited)",
				);
				GCC_SYMBOLS_PRIVATE_EXTERN = NO;
				GCC_WARN_64_TO_32_BIT_CONVERSION = YES;
				GCC_WARN_ABOUT_RETURN_TYPE = YES_ERROR;
				GCC_WARN_UNDECLARED_SELECTOR = YES;
				GCC_WARN_UNINITIALIZED_AUTOS = YES_AGGRESSIVE;
				GCC_WARN_UNUSED_FUNCTION = YES;
				GCC_WARN_UNUSED_VARIABLE = YES;
				IPHONEOS_DEPLOYMENT_TARGET = 8.4;
				MTL_ENABLE_DEBUG_INFO = YES;
				ONLY_ACTIVE_ARCH = YES;
				SDKROOT = iphoneos;
			};
			name = Debug;
		};
		823B41621BA2712C002BD6C7 /* Release */ = {
			isa = XCBuildConfiguration;
			buildSettings = {
				ALWAYS_SEARCH_USER_PATHS = NO;
				CLANG_CXX_LANGUAGE_STANDARD = "gnu++0x";
				CLANG_CXX_LIBRARY = "libc++";
				CLANG_ENABLE_MODULES = YES;
				CLANG_ENABLE_OBJC_ARC = YES;
				CLANG_WARN_BOOL_CONVERSION = YES;
				CLANG_WARN_CONSTANT_CONVERSION = YES;
				CLANG_WARN_DIRECT_OBJC_ISA_USAGE = YES_ERROR;
				CLANG_WARN_EMPTY_BODY = YES;
				CLANG_WARN_ENUM_CONVERSION = YES;
				CLANG_WARN_INT_CONVERSION = YES;
				CLANG_WARN_OBJC_ROOT_CLASS = YES_ERROR;
				CLANG_WARN_UNREACHABLE_CODE = YES;
				CLANG_WARN__DUPLICATE_METHOD_MATCH = YES;
				"CODE_SIGN_IDENTITY[sdk=iphoneos*]" = "iPhone Developer";
				COPY_PHASE_STRIP = NO;
				DEBUG_INFORMATION_FORMAT = "dwarf-with-dsym";
				ENABLE_NS_ASSERTIONS = NO;
				ENABLE_STRICT_OBJC_MSGSEND = YES;
				GCC_C_LANGUAGE_STANDARD = gnu99;
				GCC_NO_COMMON_BLOCKS = YES;
				GCC_WARN_64_TO_32_BIT_CONVERSION = YES;
				GCC_WARN_ABOUT_RETURN_TYPE = YES_ERROR;
				GCC_WARN_UNDECLARED_SELECTOR = YES;
				GCC_WARN_UNINITIALIZED_AUTOS = YES_AGGRESSIVE;
				GCC_WARN_UNUSED_FUNCTION = YES;
				GCC_WARN_UNUSED_VARIABLE = YES;
				IPHONEOS_DEPLOYMENT_TARGET = 8.4;
				MTL_ENABLE_DEBUG_INFO = NO;
				SDKROOT = iphoneos;
				VALIDATE_PRODUCT = YES;
			};
			name = Release;
		};
		823B41641BA2712C002BD6C7 /* Debug */ = {
			isa = XCBuildConfiguration;
			buildSettings = {
				ASSETCATALOG_COMPILER_APPICON_NAME = AppIcon;
				INFOPLIST_FILE = ccccc/Info.plist;
				LD_RUNPATH_SEARCH_PATHS = "$(inherited) @executable_path/Frameworks";
				PRODUCT_NAME = "$(TARGET_NAME)";
			};
			name = Debug;
		};
		823B41651BA2712C002BD6C7 /* Release */ = {
			isa = XCBuildConfiguration;
			buildSettings = {
				ASSETCATALOG_COMPILER_APPICON_NAME = AppIcon;
				INFOPLIST_FILE = ccccc/Info.plist;
				LD_RUNPATH_SEARCH_PATHS = "$(inherited) @executable_path/Frameworks";
				PRODUCT_NAME = "$(TARGET_NAME)";
			};
			name = Release;
		};
		823B41671BA2712C002BD6C7 /* Debug */ = {
			isa = XCBuildConfiguration;
			buildSettings = {
				BUNDLE_LOADER = "$(TEST_HOST)";
				FRAMEWORK_SEARCH_PATHS = (
					"$(SDKROOT)/Developer/Library/Frameworks",
					"$(inherited)",
				);
				GCC_PREPROCESSOR_DEFINITIONS = (
					"DEBUG=1",
					"$(inherited)",
				);
				INFOPLIST_FILE = cccccTests/Info.plist;
				LD_RUNPATH_SEARCH_PATHS = "$(inherited) @executable_path/Frameworks @loader_path/Frameworks";
				PRODUCT_NAME = "$(TARGET_NAME)";
				TEST_HOST = "$(BUILT_PRODUCTS_DIR)/ccccc.app/ccccc";
			};
			name = Debug;
		};
		823B41681BA2712C002BD6C7 /* Release */ = {
			isa = XCBuildConfiguration;
			buildSettings = {
				BUNDLE_LOADER = "$(TEST_HOST)";
				FRAMEWORK_SEARCH_PATHS = (
					"$(SDKROOT)/Developer/Library/Frameworks",
					"$(inherited)",
				);
				INFOPLIST_FILE = cccccTests/Info.plist;
				LD_RUNPATH_SEARCH_PATHS = "$(inherited) @executable_path/Frameworks @loader_path/Frameworks";
				PRODUCT_NAME = "$(TARGET_NAME)";
				TEST_HOST = "$(BUILT_PRODUCTS_DIR)/ccccc.app/ccccc";
			};
			name = Release;
		};
/* End XCBuildConfiguration section */

/* Begin XCConfigurationList section */
		823B413B1BA2712C002BD6C7 /* Build configuration list for PBXProject "ccccc" */ = {
			isa = XCConfigurationList;
			buildConfigurations = (
				823B41611BA2712C002BD6C7 /* Debug */,
				823B41621BA2712C002BD6C7 /* Release */,
			);
			defaultConfigurationIsVisible = 0;
			defaultConfigurationName = Release;
		};
		823B41631BA2712C002BD6C7 /* Build configuration list for PBXNativeTarget "ccccc" */ = {
			isa = XCConfigurationList;
			buildConfigurations = (
				823B41641BA2712C002BD6C7 /* Debug */,
				823B41651BA2712C002BD6C7 /* Release */,
			);
			defaultConfigurationIsVisible = 0;
		};
		823B41661BA2712C002BD6C7 /* Build configuration list for PBXNativeTarget "cccccTests" */ = {
			isa = XCConfigurationList;
			buildConfigurations = (
				823B41671BA2712C002BD6C7 /* Debug */,
				823B41681BA2712C002BD6C7 /* Release */,
			);
			defaultConfigurationIsVisible = 0;
		};
/* End XCConfigurationList section */
	};
	rootObject = 823B41381BA2712C002BD6C7 /* Project object */;
}
